<?xml version="1.0" encoding="utf-8"?>
<Project ToolsVersion="4.0" xmlns="http://schemas.microsoft.com/developer/msbuild/2003">
  <ItemGroup>
    <Filter Include="ЛР 6">
      <UniqueIdentifier>{7668bd24-7e51-4399-a2a2-bcdbafa98c15}</UniqueIdentifier>
    </Filter>
    <Filter Include="Main">
      <UniqueIdentifier>{605747f2-0698-449f-9e0b-46cdba0201e5}</UniqueIdentifier>
    </Filter>
    <Filter Include="ЛР 7">
      <UniqueIdentifier>{a3484520-1873-4a0d-bfb1-e2e27e2440cc}</UniqueIdentifier>
    </Filter>
  </ItemGroup>
  <ItemGroup>
    <ClInclude Include="LR_6.h">
      <Filter>ЛР 6</Filter>
    </ClInclude>
    <ClInclude Include="Deposit.h">
      <Filter>ЛР 6</Filter>
    </ClInclude>
    <ClInclude Include="Printed_Edition.h">
      <Filter>ЛР 6</Filter>
    </ClInclude>
    <ClInclude Include="Magazine.h">
      <Filter>ЛР 6</Filter>
    </ClInclude>
    <ClInclude Include="Book.h">
      <Filter>ЛР 6</Filter>
    </ClInclude>
    <ClInclude Include="Textbook.h">
      <Filter>ЛР 6</Filter>
    </ClInclude>
    <ClInclude Include="Main.h">
      <Filter>Main</Filter>
    </ClInclude>
    <ClInclude Include="SetArray.h">
      <Filter>ЛР 7</Filter>
    </ClInclude>
    <ClInclude Include="LR_7.h">
      <Filter>ЛР 7</Filter>
    </ClInclude>
    <ClInclude Include="Goods.h">
      <Filter>ЛР 7</Filter>
    </ClInclude>
  </ItemGroup>
  <ItemGroup>
    <ClCompile Include="LR_6.cpp">
      <Filter>ЛР 6</Filter>
    </ClCompile>
    <ClCompile Include="Printed_Edition.cpp">
      <Filter>ЛР 6</Filter>
    </ClCompile>
    <ClCompile Include="Magazine.cpp">
      <Filter>ЛР 6</Filter>
    </ClCompile>
    <ClCompile Include="Deposit.cpp">
      <Filter>ЛР 6</Filter>
    </ClCompile>
    <ClCompile Include="Book.cpp">
      <Filter>ЛР 6</Filter>
    </ClCompile>
    <ClCompile Include="Textbook.cpp">
      <Filter>ЛР 6</Filter>
    </ClCompile>
    <ClCompile Include="Main.cpp">
      <Filter>Main</Filter>
    </ClCompile>
    <ClCompile Include="LR_7.cpp">
      <Filter>ЛР 7</Filter>
    </ClCompile>
    <ClCompile Include="SetArray.cpp">
      <Filter>ЛР 7</Filter>
    </ClCompile>
    <ClCompile Include="Goods.cpp">
      <Filter>ЛР 7</Filter>
    </ClCompile>
  </ItemGroup>
</Project>